
Microsoft Visual Studio Solution File, Format Version 12.00
# Visual Studio Version 16
VisualStudioVersion = 16.0.30621.155
MinimumVisualStudioVersion = 10.0.40219.1
Project("{FAE04EC0-301F-11D3-BF4B-00C04F79EFBC}") = "Spiridonov_Lab_5", "Spiridonov_Lab_5\Spiridonov_Lab_5.csproj", "{B6634578-C2C3-45B4-B0E5-01B5515C513A}"
EndProject
Global
	GlobalSection(SolutionConfigurationPlatforms) = preSolution
		Debug|Any CPU = Debug|Any CPU
		Release|Any CPU = Release|Any CPU
	EndGlobalSection
	GlobalSection(ProjectConfigurationPlatforms) = postSolution
		{B6634578-C2C3-45B4-B0E5-01B5515C513A}.Debug|Any CPU.ActiveCfg = Debug|Any CPU
		{B6634578-C2C3-45B4-B0E5-01B5515C513A}.Debug|Any CPU.Build.0 = Debug|Any CPU
		{B6634578-C2C3-45B4-B0E5-01B5515C513A}.Release|Any CPU.ActiveCfg = Release|Any CPU
		{B6634578-C2C3-45B4-B0E5-01B5515C513A}.Release|Any CPU.Build.0 = Release|Any CPU
	EndGlobalSection
	GlobalSection(SolutionProperties) = preSolution
		HideSolutionNode = FALSE
	EndGlobalSection
	GlobalSection(ExtensibilityGlobals) = postSolution
		SolutionGuid = {5E06C8A1-B43B-46D3-904E-F31C690ED28D}
	EndGlobalSection
EndGlobal
